
Microsoft Visual Studio Solution File, Format Version 12.00
# Visual Studio Version 17
VisualStudioVersion = 17.9.34701.34
MinimumVisualStudioVersion = 10.0.40219.1
Project("{FAE04EC0-301F-11D3-BF4B-00C04F79EFBC}") = "Gra", "Gra\Gra.csproj", "{E73C8A95-A676-4B90-B625-E45C50A3835F}"
EndProject
Global
	GlobalSection(SolutionConfigurationPlatforms) = preSolution
		Debug|Any CPU = Debug|Any CPU
		Release|Any CPU = Release|Any CPU
	EndGlobalSection
	GlobalSection(ProjectConfigurationPlatforms) = postSolution
		{E73C8A95-A676-4B90-B625-E45C50A3835F}.Debug|Any CPU.ActiveCfg = Debug|Any CPU
		{E73C8A95-A676-4B90-B625-E45C50A3835F}.Debug|Any CPU.Build.0 = Debug|Any CPU
		{E73C8A95-A676-4B90-B625-E45C50A3835F}.Release|Any CPU.ActiveCfg = Release|Any CPU
		{E73C8A95-A676-4B90-B625-E45C50A3835F}.Release|Any CPU.Build.0 = Release|Any CPU
	EndGlobalSection
	GlobalSection(SolutionProperties) = preSolution
		HideSolutionNode = FALSE
	EndGlobalSection
	GlobalSection(ExtensibilityGlobals) = postSolution
		SolutionGuid = {29C07B7C-D432-45CE-A78C-DCC3C9F26642}
	EndGlobalSection
EndGlobal
